dependencies:
  graphql: 15.3.0
devDependencies:
  '@graphql-codegen/introspection': 1.18.0
  prettier: 2.1.2
lockfileVersion: 5.1
packages:
  /@ardatan/aggregate-error/0.0.6:
    dependencies:
      tslib: 2.0.3
    dev: true
    engines:
      node: '>=8'
    resolution:
      integrity: sha512-vyrkEHG1jrukmzTPtyWB4NLPauUw5bQeg4uhn8f+1SSynmrOcyvlb1GKQjjgoBzElLdfXCRYX8UnBlhklOHYRQ==
  /@graphql-codegen/introspection/1.18.0:
    dependencies:
      '@graphql-codegen/plugin-helpers': 1.17.9
      tslib: 2.0.3
    dev: true
    peerDependencies:
      graphql: ^0.8.0 || ^0.9.0 || ^0.10.0 || ^0.11.0 || ^0.12.0 || ^0.13.0 || ^14.0.0 || ^15.0.0
    resolution:
      integrity: sha512-I/58V5eSsTW+OMaVA6NdJkc5YgZwLN8dKKPZTq0VgVfbWMZ6SsYbQBY58RnnTE8MRaqvF4/+wYUcnTKxNAosxw==
  /@graphql-codegen/plugin-helpers/1.17.9:
    dependencies:
      '@graphql-tools/utils': 6.2.4
      camel-case: 4.1.1
      common-tags: 1.8.0
      constant-case: 3.0.3
      import-from: 3.0.0
      lodash: 4.17.20
      lower-case: 2.0.1
      param-case: 3.0.3
      pascal-case: 3.1.1
      tslib: 2.0.3
      upper-case: 2.0.1
    dev: true
    peerDependencies:
      graphql: ^0.8.0 || ^0.9.0 || ^0.10.0 || ^0.11.0 || ^0.12.0 || ^0.13.0 || ^14.0.0 || ^15.0.0
    resolution:
      integrity: sha512-kyj+qsnLGd1JLqXuLpvI6Q/VW7frhoHHNxYJWerpwsSV9m4cttmFj8d9JTfYPZbg6cLIRR7+10lVugzMKozjzA==
  /@graphql-tools/utils/6.2.4:
    dependencies:
      '@ardatan/aggregate-error': 0.0.6
      camel-case: 4.1.1
      tslib: 2.0.3
    dev: true
    peerDependencies:
      graphql: ^14.0.0 || ^15.0.0
    resolution:
      integrity: sha512-ybgZ9EIJE3JMOtTrTd2VcIpTXtDrn2q6eiYkeYMKRVh3K41+LZa6YnR2zKERTXqTWqhobROwLt4BZbw2O3Aeeg==
  /camel-case/4.1.1:
    dependencies:
      pascal-case: 3.1.1
      tslib: 1.14.1
    dev: true
    resolution:
      integrity: sha512-7fa2WcG4fYFkclIvEmxBbTvmibwF2/agfEBc6q3lOpVu0A13ltLsA+Hr/8Hp6kp5f+G7hKi6t8lys6XxP+1K6Q==
  /common-tags/1.8.0:
    dev: true
    engines:
      node: '>=4.0.0'
    resolution:
      integrity: sha512-6P6g0uetGpW/sdyUy/iQQCbFF0kWVMSIVSyYz7Zgjcgh8mgw8PQzDNZeyZ5DQ2gM7LBoZPHmnjz8rUthkBG5tw==
  /constant-case/3.0.3:
    dependencies:
      no-case: 3.0.3
      tslib: 1.14.1
      upper-case: 2.0.1
    dev: true
    resolution:
      integrity: sha512-FXtsSnnrFYpzDmvwDGQW+l8XK3GV1coLyBN0eBz16ZUzGaZcT2ANVCJmLeuw2GQgxKHQIe9e0w2dzkSfaRlUmA==
  /dot-case/3.0.3:
    dependencies:
      no-case: 3.0.3
      tslib: 1.14.1
    dev: true
    resolution:
      integrity: sha512-7hwEmg6RiSQfm/GwPL4AAWXKy3YNNZA3oFv2Pdiey0mwkRCPZ9x6SZbkLcn8Ma5PYeVokzoD4Twv2n7LKp5WeA==
  /graphql/15.3.0:
    dev: false
    engines:
      node: '>= 10.x'
    resolution:
      integrity: sha512-GTCJtzJmkFLWRfFJuoo9RWWa/FfamUHgiFosxi/X1Ani4AVWbeyBenZTNX6dM+7WSbbFfTo/25eh0LLkwHMw2w==
  /import-from/3.0.0:
    dependencies:
      resolve-from: 5.0.0
    dev: true
    engines:
      node: '>=8'
    resolution:
      integrity: sha512-CiuXOFFSzkU5x/CR0+z7T91Iht4CXgfCxVOFRhh2Zyhg5wOpWvvDLQUsWl+gcN+QscYBjez8hDCt85O7RLDttQ==
  /lodash/4.17.20:
    dev: true
    resolution:
      integrity: sha512-PlhdFcillOINfeV7Ni6oF1TAEayyZBoZ8bcshTHqOYJYlrqzRK5hagpagky5o4HfCzzd1TRkXPMFq6cKk9rGmA==
  /lower-case/2.0.1:
    dependencies:
      tslib: 1.14.1
    dev: true
    resolution:
      integrity: sha512-LiWgfDLLb1dwbFQZsSglpRj+1ctGnayXz3Uv0/WO8n558JycT5fg6zkNcnW0G68Nn0aEldTFeEfmjCfmqry/rQ==
  /no-case/3.0.3:
    dependencies:
      lower-case: 2.0.1
      tslib: 1.14.1
    dev: true
    resolution:
      integrity: sha512-ehY/mVQCf9BL0gKfsJBvFJen+1V//U+0HQMPrWct40ixE4jnv0bfvxDbWtAHL9EcaPEOJHVVYKoQn1TlZUB8Tw==
  /param-case/3.0.3:
    dependencies:
      dot-case: 3.0.3
      tslib: 1.14.1
    dev: true
    resolution:
      integrity: sha512-VWBVyimc1+QrzappRs7waeN2YmoZFCGXWASRYX1/rGHtXqEcrGEIDm+jqIwFa2fRXNgQEwrxaYuIrX0WcAguTA==
  /pascal-case/3.1.1:
    dependencies:
      no-case: 3.0.3
      tslib: 1.14.1
    dev: true
    resolution:
      integrity: sha512-XIeHKqIrsquVTQL2crjq3NfJUxmdLasn3TYOU0VBM+UX2a6ztAWBlJQBePLGY7VHW8+2dRadeIPK5+KImwTxQA==
  /prettier/2.1.2:
    dev: true
    engines:
      node: '>=10.13.0'
    hasBin: true
    resolution:
      integrity: sha512-16c7K+x4qVlJg9rEbXl7HEGmQyZlG4R9AgP+oHKRMsMsuk8s+ATStlf1NpDqyBI1HpVyfjLOeMhH2LvuNvV5Vg==
  /resolve-from/5.0.0:
    dev: true
    engines:
      node: '>=8'
    resolution:
      integrity: sha512-qYg9KP24dD5qka9J47d0aVky0N+b4fTU89LN9iDnjB5waksiC49rvMB0PrUJQGoTmH50XPiqOvAjDfaijGxYZw==
  /tslib/1.14.1:
    dev: true
    resolution:
      integrity: sha512-Xni35NKzjgMrwevysHTCArtLDpPvye8zV/0E4EyYn43P7/7qvQwPh9BGkHewbMulVntbigmcT7rdX3BNo9wRJg==
  /tslib/2.0.3:
    dev: true
    resolution:
      integrity: sha512-uZtkfKblCEQtZKBF6EBXVZeQNl82yqtDQdv+eck8u7tdPxjLu2/lp5/uPW+um2tpuxINHWy3GhiccY7QgEaVHQ==
  /upper-case/2.0.1:
    dependencies:
      tslib: 1.14.1
    dev: true
    resolution:
      integrity: sha512-laAsbea9SY5osxrv7S99vH9xAaJKrw5Qpdh4ENRLcaxipjKsiaBwiAsxfa8X5mObKNTQPsupSq0J/VIxsSJe3A==
specifiers:
  '@graphql-codegen/introspection': ^1.18.0
  graphql: ^15.3.0
  prettier: ^2.1.2
